
Microsoft Visual Studio Solution File, Format Version 12.00
Project("{FAE04EC0-301F-11D3-BF4B-00C04F79EFBC}") = "SteamKit2.Trader", "SteamKit2.Trader\SteamKit2.Trader.csproj", "{5D3D3202-4FC7-4BC3-AF22-71852625F8D3}"
EndProject
Project("{FAE04EC0-301F-11D3-BF4B-00C04F79EFBC}") = "SteamKit2.CSGO.Tests", "SteamKit2.CSGO.Tests\SteamKit2.CSGO.Tests.csproj", "{1EEB0968-9FA6-405C-9658-F6282C3542BD}"
EndProject
Global
	GlobalSection(SolutionConfigurationPlatforms) = preSolution
		Debug|Any CPU = Debug|Any CPU
		Release|Any CPU = Release|Any CPU
	EndGlobalSection
	GlobalSection(ProjectConfigurationPlatforms) = postSolution
		{5D3D3202-4FC7-4BC3-AF22-71852625F8D3}.Debug|Any CPU.ActiveCfg = Debug|Any CPU
		{5D3D3202-4FC7-4BC3-AF22-71852625F8D3}.Debug|Any CPU.Build.0 = Debug|Any CPU
		{5D3D3202-4FC7-4BC3-AF22-71852625F8D3}.Release|Any CPU.ActiveCfg = Release|Any CPU
		{5D3D3202-4FC7-4BC3-AF22-71852625F8D3}.Release|Any CPU.Build.0 = Release|Any CPU
		{1EEB0968-9FA6-405C-9658-F6282C3542BD}.Debug|Any CPU.ActiveCfg = Debug|Any CPU
		{1EEB0968-9FA6-405C-9658-F6282C3542BD}.Debug|Any CPU.Build.0 = Debug|Any CPU
		{1EEB0968-9FA6-405C-9658-F6282C3542BD}.Release|Any CPU.ActiveCfg = Release|Any CPU
		{1EEB0968-9FA6-405C-9658-F6282C3542BD}.Release|Any CPU.Build.0 = Release|Any CPU
	EndGlobalSection
EndGlobal
